
Microsoft Visual Studio Solution File, Format Version 12.00
# Visual Studio 14
VisualStudioVersion = 14.0.25420.1
MinimumVisualStudioVersion = 10.0.40219.1
Project("{FAE04EC0-301F-11D3-BF4B-00C04F79EFBC}") = "SeriesXamarin", "SeriesXamarin\SeriesXamarin\SeriesXamarin.csproj", "{56564281-6907-4D8A-B10A-968EC8157F60}"
EndProject
Project("{FAE04EC0-301F-11D3-BF4B-00C04F79EFBC}") = "SeriesXamarin.Droid", "SeriesXamarin\SeriesXamarin.Droid\SeriesXamarin.Droid.csproj", "{585379CC-35C3-4A7B-9C6F-A6D5571C484A}"
EndProject
Project("{FAE04EC0-301F-11D3-BF4B-00C04F79EFBC}") = "SeriesXamarin.iOS", "SeriesXamarin\SeriesXamarin.iOS\SeriesXamarin.iOS.csproj", "{7FE25A94-7754-4F07-B6B2-085F8EB141EA}"
EndProject
Project("{FAE04EC0-301F-11D3-BF4B-00C04F79EFBC}") = "SeriesXamarin.WinPhone", "SeriesXamarin\SeriesXamarin.WinPhone\SeriesXamarin.WinPhone.csproj", "{22FC8F68-E50D-4D9C-B990-F4A2F4A466BE}"
EndProject
Project("{FAE04EC0-301F-11D3-BF4B-00C04F79EFBC}") = "SeriesXamarin.Windows", "SeriesXamarin\SeriesXamarin.Windows\SeriesXamarin.Windows.csproj", "{4E73D548-C4B1-49F4-A106-409B9EF0FB55}"
EndProject
Global
	GlobalSection(SolutionConfigurationPlatforms) = preSolution
		Ad-Hoc|Any CPU = Ad-Hoc|Any CPU
		Ad-Hoc|ARM = Ad-Hoc|ARM
		Ad-Hoc|iPhone = Ad-Hoc|iPhone
		Ad-Hoc|iPhoneSimulator = Ad-Hoc|iPhoneSimulator
		Ad-Hoc|x64 = Ad-Hoc|x64
		Ad-Hoc|x86 = Ad-Hoc|x86
		AppStore|Any CPU = AppStore|Any CPU
		AppStore|ARM = AppStore|ARM
		AppStore|iPhone = AppStore|iPhone
		AppStore|iPhoneSimulator = AppStore|iPhoneSimulator
		AppStore|x64 = AppStore|x64
		AppStore|x86 = AppStore|x86
		Debug|Any CPU = Debug|Any CPU
		Debug|ARM = Debug|ARM
		Debug|iPhone = Debug|iPhone
		Debug|iPhoneSimulator = Debug|iPhoneSimulator
		Debug|x64 = Debug|x64
		Debug|x86 = Debug|x86
		Release|Any CPU = Release|Any CPU
		Release|ARM = Release|ARM
		Release|iPhone = Release|iPhone
		Release|iPhoneSimulator = Release|iPhoneSimulator
		Release|x64 = Release|x64
		Release|x86 = Release|x86
	EndGlobalSection
	GlobalSection(ProjectConfigurationPlatforms) = postSolution
		{56564281-6907-4D8A-B10A-968EC8157F60}.Ad-Hoc|Any CPU.ActiveCfg = Release|Any CPU
		{56564281-6907-4D8A-B10A-968EC8157F60}.Ad-Hoc|Any CPU.Build.0 = Release|Any CPU
		{56564281-6907-4D8A-B10A-968EC8157F60}.Ad-Hoc|ARM.ActiveCfg = Release|Any CPU
		{56564281-6907-4D8A-B10A-968EC8157F60}.Ad-Hoc|ARM.Build.0 = Release|Any CPU
		{56564281-6907-4D8A-B10A-968EC8157F60}.Ad-Hoc|iPhone.ActiveCfg = Release|Any CPU
		{56564281-6907-4D8A-B10A-968EC8157F60}.Ad-Hoc|iPhone.Build.0 = Release|Any CPU
		{56564281-6907-4D8A-B10A-968EC8157F60}.Ad-Hoc|iPhoneSimulator.ActiveCfg = Release|Any CPU
		{56564281-6907-4D8A-B10A-968EC8157F60}.Ad-Hoc|iPhoneSimulator.Build.0 = Release|Any CPU
		{56564281-6907-4D8A-B10A-968EC8157F60}.Ad-Hoc|x64.ActiveCfg = Release|Any CPU
		{56564281-6907-4D8A-B10A-968EC8157F60}.Ad-Hoc|x64.Build.0 = Release|Any CPU
		{56564281-6907-4D8A-B10A-968EC8157F60}.Ad-Hoc|x86.ActiveCfg = Release|Any CPU
		{56564281-6907-4D8A-B10A-968EC8157F60}.Ad-Hoc|x86.Build.0 = Release|Any CPU
		{56564281-6907-4D8A-B10A-968EC8157F60}.AppStore|Any CPU.ActiveCfg = Release|Any CPU
		{56564281-6907-4D8A-B10A-968EC8157F60}.AppStore|Any CPU.Build.0 = Release|Any CPU
		{56564281-6907-4D8A-B10A-968EC8157F60}.AppStore|ARM.ActiveCfg = Release|Any CPU
		{56564281-6907-4D8A-B10A-968EC8157F60}.AppStore|ARM.Build.0 = Release|Any CPU
		{56564281-6907-4D8A-B10A-968EC8157F60}.AppStore|iPhone.ActiveCfg = Release|Any CPU
		{56564281-6907-4D8A-B10A-968EC8157F60}.AppStore|iPhone.Build.0 = Release|Any CPU
		{56564281-6907-4D8A-B10A-968EC8157F60}.AppStore|iPhoneSimulator.ActiveCfg = Release|Any CPU
		{56564281-6907-4D8A-B10A-968EC8157F60}.AppStore|iPhoneSimulator.Build.0 = Release|Any CPU
		{56564281-6907-4D8A-B10A-968EC8157F60}.AppStore|x64.ActiveCfg = Release|Any CPU
		{56564281-6907-4D8A-B10A-968EC8157F60}.AppStore|x64.Build.0 = Release|Any CPU
		{56564281-6907-4D8A-B10A-968EC8157F60}.AppStore|x86.ActiveCfg = Release|Any CPU
		{56564281-6907-4D8A-B10A-968EC8157F60}.AppStore|x86.Build.0 = Release|Any CPU
		{56564281-6907-4D8A-B10A-968EC8157F60}.Debug|Any CPU.ActiveCfg = Debug|Any CPU
		{56564281-6907-4D8A-B10A-968EC8157F60}.Debug|Any CPU.Build.0 = Debug|Any CPU
		{56564281-6907-4D8A-B10A-968EC8157F60}.Debug|ARM.ActiveCfg = Debug|Any CPU
		{56564281-6907-4D8A-B10A-968EC8157F60}.Debug|ARM.Build.0 = Debug|Any CPU
		{56564281-6907-4D8A-B10A-968EC8157F60}.Debug|iPhone.ActiveCfg = Debug|Any CPU
		{56564281-6907-4D8A-B10A-968EC8157F60}.Debug|iPhone.Build.0 = Debug|Any CPU
		{56564281-6907-4D8A-B10A-968EC8157F60}.Debug|iPhoneSimulator.ActiveCfg = Debug|Any CPU
		{56564281-6907-4D8A-B10A-968EC8157F60}.Debug|iPhoneSimulator.Build.0 = Debug|Any CPU
		{56564281-6907-4D8A-B10A-968EC8157F60}.Debug|x64.ActiveCfg = Debug|Any CPU
		{56564281-6907-4D8A-B10A-968EC8157F60}.Debug|x64.Build.0 = Debug|Any CPU
		{56564281-6907-4D8A-B10A-968EC8157F60}.Debug|x86.ActiveCfg = Debug|Any CPU
		{56564281-6907-4D8A-B10A-968EC8157F60}.Debug|x86.Build.0 = Debug|Any CPU
		{56564281-6907-4D8A-B10A-968EC8157F60}.Release|Any CPU.ActiveCfg = Release|Any CPU
		{56564281-6907-4D8A-B10A-968EC8157F60}.Release|Any CPU.Build.0 = Release|Any CPU
		{56564281-6907-4D8A-B10A-968EC8157F60}.Release|ARM.ActiveCfg = Release|Any CPU
		{56564281-6907-4D8A-B10A-968EC8157F60}.Release|ARM.Build.0 = Release|Any CPU
		{56564281-6907-4D8A-B10A-968EC8157F60}.Release|iPhone.ActiveCfg = Release|Any CPU
		{56564281-6907-4D8A-B10A-968EC8157F60}.Release|iPhone.Build.0 = Release|Any CPU
		{56564281-6907-4D8A-B10A-968EC8157F60}.Release|iPhoneSimulator.ActiveCfg = Release|Any CPU
		{56564281-6907-4D8A-B10A-968EC8157F60}.Release|iPhoneSimulator.Build.0 = Release|Any CPU
		{56564281-6907-4D8A-B10A-968EC8157F60}.Release|x64.ActiveCfg = Release|Any CPU
		{56564281-6907-4D8A-B10A-968EC8157F60}.Release|x64.Build.0 = Release|Any CPU
		{56564281-6907-4D8A-B10A-968EC8157F60}.Release|x86.ActiveCfg = Release|Any CPU
		{56564281-6907-4D8A-B10A-968EC8157F60}.Release|x86.Build.0 = Release|Any CPU
		{585379CC-35C3-4A7B-9C6F-A6D5571C484A}.Ad-Hoc|Any CPU.ActiveCfg = Release|Any CPU
		{585379CC-35C3-4A7B-9C6F-A6D5571C484A}.Ad-Hoc|Any CPU.Build.0 = Release|Any CPU
		{585379CC-35C3-4A7B-9C6F-A6D5571C484A}.Ad-Hoc|Any CPU.Deploy.0 = Release|Any CPU
		{585379CC-35C3-4A7B-9C6F-A6D5571C484A}.Ad-Hoc|ARM.ActiveCfg = Release|Any CPU
		{585379CC-35C3-4A7B-9C6F-A6D5571C484A}.Ad-Hoc|ARM.Build.0 = Release|Any CPU
		{585379CC-35C3-4A7B-9C6F-A6D5571C484A}.Ad-Hoc|ARM.Deploy.0 = Release|Any CPU
		{585379CC-35C3-4A7B-9C6F-A6D5571C484A}.Ad-Hoc|iPhone.ActiveCfg = Release|Any CPU
		{585379CC-35C3-4A7B-9C6F-A6D5571C484A}.Ad-Hoc|iPhone.Build.0 = Release|Any CPU
		{585379CC-35C3-4A7B-9C6F-A6D5571C484A}.Ad-Hoc|iPhone.Deploy.0 = Release|Any CPU
		{585379CC-35C3-4A7B-9C6F-A6D5571C484A}.Ad-Hoc|iPhoneSimulator.ActiveCfg = Release|Any CPU
		{585379CC-35C3-4A7B-9C6F-A6D5571C484A}.Ad-Hoc|iPhoneSimulator.Build.0 = Release|Any CPU
		{585379CC-35C3-4A7B-9C6F-A6D5571C484A}.Ad-Hoc|iPhoneSimulator.Deploy.0 = Release|Any CPU
		{585379CC-35C3-4A7B-9C6F-A6D5571C484A}.Ad-Hoc|x64.ActiveCfg = Release|Any CPU
		{585379CC-35C3-4A7B-9C6F-A6D5571C484A}.Ad-Hoc|x64.Build.0 = Release|Any CPU
		{585379CC-35C3-4A7B-9C6F-A6D5571C484A}.Ad-Hoc|x64.Deploy.0 = Release|Any CPU
		{585379CC-35C3-4A7B-9C6F-A6D5571C484A}.Ad-Hoc|x86.ActiveCfg = Release|Any CPU
		{585379CC-35C3-4A7B-9C6F-A6D5571C484A}.Ad-Hoc|x86.Build.0 = Release|Any CPU
		{585379CC-35C3-4A7B-9C6F-A6D5571C484A}.Ad-Hoc|x86.Deploy.0 = Release|Any CPU
		{585379CC-35C3-4A7B-9C6F-A6D5571C484A}.AppStore|Any CPU.ActiveCfg = Release|Any CPU
		{585379CC-35C3-4A7B-9C6F-A6D5571C484A}.AppStore|Any CPU.Build.0 = Release|Any CPU
		{585379CC-35C3-4A7B-9C6F-A6D5571C484A}.AppStore|Any CPU.Deploy.0 = Release|Any CPU
		{585379CC-35C3-4A7B-9C6F-A6D5571C484A}.AppStore|ARM.ActiveCfg = Release|Any CPU
		{585379CC-35C3-4A7B-9C6F-A6D5571C484A}.AppStore|ARM.Build.0 = Release|Any CPU
		{585379CC-35C3-4A7B-9C6F-A6D5571C484A}.AppStore|ARM.Deploy.0 = Release|Any CPU
		{585379CC-35C3-4A7B-9C6F-A6D5571C484A}.AppStore|iPhone.ActiveCfg = Release|Any CPU
		{585379CC-35C3-4A7B-9C6F-A6D5571C484A}.AppStore|iPhone.Build.0 = Release|Any CPU
		{585379CC-35C3-4A7B-9C6F-A6D5571C484A}.AppStore|iPhone.Deploy.0 = Release|Any CPU
		{585379CC-35C3-4A7B-9C6F-A6D5571C484A}.AppStore|iPhoneSimulator.ActiveCfg = Release|Any CPU
		{585379CC-35C3-4A7B-9C6F-A6D5571C484A}.AppStore|iPhoneSimulator.Build.0 = Release|Any CPU
		{585379CC-35C3-4A7B-9C6F-A6D5571C484A}.AppStore|iPhoneSimulator.Deploy.0 = Release|Any CPU
		{585379CC-35C3-4A7B-9C6F-A6D5571C484A}.AppStore|x64.ActiveCfg = Release|Any CPU
		{585379CC-35C3-4A7B-9C6F-A6D5571C484A}.AppStore|x64.Build.0 = Release|Any CPU
		{585379CC-35C3-4A7B-9C6F-A6D5571C484A}.AppStore|x64.Deploy.0 = Release|Any CPU
		{585379CC-35C3-4A7B-9C6F-A6D5571C484A}.AppStore|x86.ActiveCfg = Release|Any CPU
		{585379CC-35C3-4A7B-9C6F-A6D5571C484A}.AppStore|x86.Build.0 = Release|Any CPU
		{585379CC-35C3-4A7B-9C6F-A6D5571C484A}.AppStore|x86.Deploy.0 = Release|Any CPU
		{585379CC-35C3-4A7B-9C6F-A6D5571C484A}.Debug|Any CPU.ActiveCfg = Debug|Any CPU
		{585379CC-35C3-4A7B-9C6F-A6D5571C484A}.Debug|Any CPU.Build.0 = Debug|Any CPU
		{585379CC-35C3-4A7B-9C6F-A6D5571C484A}.Debug|Any CPU.Deploy.0 = Debug|Any CPU
		{585379CC-35C3-4A7B-9C6F-A6D5571C484A}.Debug|ARM.ActiveCfg = Debug|Any CPU
		{585379CC-35C3-4A7B-9C6F-A6D5571C484A}.Debug|ARM.Build.0 = Debug|Any CPU
		{585379CC-35C3-4A7B-9C6F-A6D5571C484A}.Debug|ARM.Deploy.0 = Debug|Any CPU
		{585379CC-35C3-4A7B-9C6F-A6D5571C484A}.Debug|iPhone.ActiveCfg = Debug|Any CPU
		{585379CC-35C3-4A7B-9C6F-A6D5571C484A}.Debug|iPhone.Build.0 = Debug|Any CPU
		{585379CC-35C3-4A7B-9C6F-A6D5571C484A}.Debug|iPhone.Deploy.0 = Debug|Any CPU
		{585379CC-35C3-4A7B-9C6F-A6D5571C484A}.Debug|iPhoneSimulator.ActiveCfg = Debug|Any CPU
		{585379CC-35C3-4A7B-9C6F-A6D5571C484A}.Debug|iPhoneSimulator.Build.0 = Debug|Any CPU
		{585379CC-35C3-4A7B-9C6F-A6D5571C484A}.Debug|iPhoneSimulator.Deploy.0 = Debug|Any CPU
		{585379CC-35C3-4A7B-9C6F-A6D5571C484A}.Debug|x64.ActiveCfg = Debug|Any CPU
		{585379CC-35C3-4A7B-9C6F-A6D5571C484A}.Debug|x64.Build.0 = Debug|Any CPU
		{585379CC-35C3-4A7B-9C6F-A6D5571C484A}.Debug|x64.Deploy.0 = Debug|Any CPU
		{585379CC-35C3-4A7B-9C6F-A6D5571C484A}.Debug|x86.ActiveCfg = Debug|Any CPU
		{585379CC-35C3-4A7B-9C6F-A6D5571C484A}.Debug|x86.Build.0 = Debug|Any CPU
		{585379CC-35C3-4A7B-9C6F-A6D5571C484A}.Debug|x86.Deploy.0 = Debug|Any CPU
		{585379CC-35C3-4A7B-9C6F-A6D5571C484A}.Release|Any CPU.ActiveCfg = Release|Any CPU
		{585379CC-35C3-4A7B-9C6F-A6D5571C484A}.Release|Any CPU.Build.0 = Release|Any CPU
		{585379CC-35C3-4A7B-9C6F-A6D5571C484A}.Release|Any CPU.Deploy.0 = Release|Any CPU
		{585379CC-35C3-4A7B-9C6F-A6D5571C484A}.Release|ARM.ActiveCfg = Release|Any CPU
		{585379CC-35C3-4A7B-9C6F-A6D5571C484A}.Release|ARM.Build.0 = Release|Any CPU
		{585379CC-35C3-4A7B-9C6F-A6D5571C484A}.Release|ARM.Deploy.0 = Release|Any CPU
		{585379CC-35C3-4A7B-9C6F-A6D5571C484A}.Release|iPhone.ActiveCfg = Release|Any CPU
		{585379CC-35C3-4A7B-9C6F-A6D5571C484A}.Release|iPhone.Build.0 = Release|Any CPU
		{585379CC-35C3-4A7B-9C6F-A6D5571C484A}.Release|iPhone.Deploy.0 = Release|Any CPU
		{585379CC-35C3-4A7B-9C6F-A6D5571C484A}.Release|iPhoneSimulator.ActiveCfg = Release|Any CPU
		{585379CC-35C3-4A7B-9C6F-A6D5571C484A}.Release|iPhoneSimulator.Build.0 = Release|Any CPU
		{585379CC-35C3-4A7B-9C6F-A6D5571C484A}.Release|iPhoneSimulator.Deploy.0 = Release|Any CPU
		{585379CC-35C3-4A7B-9C6F-A6D5571C484A}.Release|x64.ActiveCfg = Release|Any CPU
		{585379CC-35C3-4A7B-9C6F-A6D5571C484A}.Release|x64.Build.0 = Release|Any CPU
		{585379CC-35C3-4A7B-9C6F-A6D5571C484A}.Release|x64.Deploy.0 = Release|Any CPU
		{585379CC-35C3-4A7B-9C6F-A6D5571C484A}.Release|x86.ActiveCfg = Release|Any CPU
		{585379CC-35C3-4A7B-9C6F-A6D5571C484A}.Release|x86.Build.0 = Release|Any CPU
		{585379CC-35C3-4A7B-9C6F-A6D5571C484A}.Release|x86.Deploy.0 = Release|Any CPU
		{7FE25A94-7754-4F07-B6B2-085F8EB141EA}.Ad-Hoc|Any CPU.ActiveCfg = Ad-Hoc|iPhone
		{7FE25A94-7754-4F07-B6B2-085F8EB141EA}.Ad-Hoc|ARM.ActiveCfg = Ad-Hoc|iPhone
		{7FE25A94-7754-4F07-B6B2-085F8EB141EA}.Ad-Hoc|iPhone.ActiveCfg = Ad-Hoc|iPhone
		{7FE25A94-7754-4F07-B6B2-085F8EB141EA}.Ad-Hoc|iPhone.Build.0 = Ad-Hoc|iPhone
		{7FE25A94-7754-4F07-B6B2-085F8EB141EA}.Ad-Hoc|iPhoneSimulator.ActiveCfg = Ad-Hoc|iPhoneSimulator
		{7FE25A94-7754-4F07-B6B2-085F8EB141EA}.Ad-Hoc|iPhoneSimulator.Build.0 = Ad-Hoc|iPhoneSimulator
		{7FE25A94-7754-4F07-B6B2-085F8EB141EA}.Ad-Hoc|x64.ActiveCfg = Ad-Hoc|iPhone
		{7FE25A94-7754-4F07-B6B2-085F8EB141EA}.Ad-Hoc|x86.ActiveCfg = Ad-Hoc|iPhone
		{7FE25A94-7754-4F07-B6B2-085F8EB141EA}.AppStore|Any CPU.ActiveCfg = AppStore|iPhone
		{7FE25A94-7754-4F07-B6B2-085F8EB141EA}.AppStore|ARM.ActiveCfg = AppStore|iPhone
		{7FE25A94-7754-4F07-B6B2-085F8EB141EA}.AppStore|iPhone.ActiveCfg = AppStore|iPhone
		{7FE25A94-7754-4F07-B6B2-085F8EB141EA}.AppStore|iPhone.Build.0 = AppStore|iPhone
		{7FE25A94-7754-4F07-B6B2-085F8EB141EA}.AppStore|iPhoneSimulator.ActiveCfg = AppStore|iPhoneSimulator
		{7FE25A94-7754-4F07-B6B2-085F8EB141EA}.AppStore|iPhoneSimulator.Build.0 = AppStore|iPhoneSimulator
		{7FE25A94-7754-4F07-B6B2-085F8EB141EA}.AppStore|x64.ActiveCfg = AppStore|iPhone
		{7FE25A94-7754-4F07-B6B2-085F8EB141EA}.AppStore|x86.ActiveCfg = AppStore|iPhone
		{7FE25A94-7754-4F07-B6B2-085F8EB141EA}.Debug|Any CPU.ActiveCfg = Debug|iPhone
		{7FE25A94-7754-4F07-B6B2-085F8EB141EA}.Debug|ARM.ActiveCfg = Debug|iPhone
		{7FE25A94-7754-4F07-B6B2-085F8EB141EA}.Debug|iPhone.ActiveCfg = Debug|iPhone
		{7FE25A94-7754-4F07-B6B2-085F8EB141EA}.Debug|iPhone.Build.0 = Debug|iPhone
		{7FE25A94-7754-4F07-B6B2-085F8EB141EA}.Debug|iPhoneSimulator.ActiveCfg = Debug|iPhoneSimulator
		{7FE25A94-7754-4F07-B6B2-085F8EB141EA}.Debug|iPhoneSimulator.Build.0 = Debug|iPhoneSimulator
		{7FE25A94-7754-4F07-B6B2-085F8EB141EA}.Debug|x64.ActiveCfg = Debug|iPhone
		{7FE25A94-7754-4F07-B6B2-085F8EB141EA}.Debug|x86.ActiveCfg = Debug|iPhone
		{7FE25A94-7754-4F07-B6B2-085F8EB141EA}.Release|Any CPU.ActiveCfg = Release|iPhone
		{7FE25A94-7754-4F07-B6B2-085F8EB141EA}.Release|ARM.ActiveCfg = Release|iPhone
		{7FE25A94-7754-4F07-B6B2-085F8EB141EA}.Release|iPhone.ActiveCfg = Release|iPhone
		{7FE25A94-7754-4F07-B6B2-085F8EB141EA}.Release|iPhone.Build.0 = Release|iPhone
		{7FE25A94-7754-4F07-B6B2-085F8EB141EA}.Release|iPhoneSimulator.ActiveCfg = Release|iPhoneSimulator
		{7FE25A94-7754-4F07-B6B2-085F8EB141EA}.Release|iPhoneSimulator.Build.0 = Release|iPhoneSimulator
		{7FE25A94-7754-4F07-B6B2-085F8EB141EA}.Release|x64.ActiveCfg = Release|iPhone
		{7FE25A94-7754-4F07-B6B2-085F8EB141EA}.Release|x86.ActiveCfg = Release|iPhone
		{22FC8F68-E50D-4D9C-B990-F4A2F4A466BE}.Ad-Hoc|Any CPU.ActiveCfg = Release|Any CPU
		{22FC8F68-E50D-4D9C-B990-F4A2F4A466BE}.Ad-Hoc|Any CPU.Build.0 = Release|Any CPU
		{22FC8F68-E50D-4D9C-B990-F4A2F4A466BE}.Ad-Hoc|Any CPU.Deploy.0 = Release|Any CPU
		{22FC8F68-E50D-4D9C-B990-F4A2F4A466BE}.Ad-Hoc|ARM.ActiveCfg = Release|ARM
		{22FC8F68-E50D-4D9C-B990-F4A2F4A466BE}.Ad-Hoc|ARM.Build.0 = Release|ARM
		{22FC8F68-E50D-4D9C-B990-F4A2F4A466BE}.Ad-Hoc|ARM.Deploy.0 = Release|ARM
		{22FC8F68-E50D-4D9C-B990-F4A2F4A466BE}.Ad-Hoc|iPhone.ActiveCfg = Release|Any CPU
		{22FC8F68-E50D-4D9C-B990-F4A2F4A466BE}.Ad-Hoc|iPhone.Build.0 = Release|Any CPU
		{22FC8F68-E50D-4D9C-B990-F4A2F4A466BE}.Ad-Hoc|iPhone.Deploy.0 = Release|Any CPU
		{22FC8F68-E50D-4D9C-B990-F4A2F4A466BE}.Ad-Hoc|iPhoneSimulator.ActiveCfg = Release|Any CPU
		{22FC8F68-E50D-4D9C-B990-F4A2F4A466BE}.Ad-Hoc|iPhoneSimulator.Build.0 = Release|Any CPU
		{22FC8F68-E50D-4D9C-B990-F4A2F4A466BE}.Ad-Hoc|iPhoneSimulator.Deploy.0 = Release|Any CPU
		{22FC8F68-E50D-4D9C-B990-F4A2F4A466BE}.Ad-Hoc|x64.ActiveCfg = Release|Any CPU
		{22FC8F68-E50D-4D9C-B990-F4A2F4A466BE}.Ad-Hoc|x64.Build.0 = Release|Any CPU
		{22FC8F68-E50D-4D9C-B990-F4A2F4A466BE}.Ad-Hoc|x64.Deploy.0 = Release|Any CPU
		{22FC8F68-E50D-4D9C-B990-F4A2F4A466BE}.Ad-Hoc|x86.ActiveCfg = Release|x86
		{22FC8F68-E50D-4D9C-B990-F4A2F4A466BE}.Ad-Hoc|x86.Build.0 = Release|x86
		{22FC8F68-E50D-4D9C-B990-F4A2F4A466BE}.Ad-Hoc|x86.Deploy.0 = Release|x86
		{22FC8F68-E50D-4D9C-B990-F4A2F4A466BE}.AppStore|Any CPU.ActiveCfg = Release|Any CPU
		{22FC8F68-E50D-4D9C-B990-F4A2F4A466BE}.AppStore|Any CPU.Build.0 = Release|Any CPU
		{22FC8F68-E50D-4D9C-B990-F4A2F4A466BE}.AppStore|Any CPU.Deploy.0 = Release|Any CPU
		{22FC8F68-E50D-4D9C-B990-F4A2F4A466BE}.AppStore|ARM.ActiveCfg = Release|ARM
		{22FC8F68-E50D-4D9C-B990-F4A2F4A466BE}.AppStore|ARM.Build.0 = Release|ARM
		{22FC8F68-E50D-4D9C-B990-F4A2F4A466BE}.AppStore|ARM.Deploy.0 = Release|ARM
		{22FC8F68-E50D-4D9C-B990-F4A2F4A466BE}.AppStore|iPhone.ActiveCfg = Release|Any CPU
		{22FC8F68-E50D-4D9C-B990-F4A2F4A466BE}.AppStore|iPhone.Build.0 = Release|Any CPU
		{22FC8F68-E50D-4D9C-B990-F4A2F4A466BE}.AppStore|iPhone.Deploy.0 = Release|Any CPU
		{22FC8F68-E50D-4D9C-B990-F4A2F4A466BE}.AppStore|iPhoneSimulator.ActiveCfg = Release|Any CPU
		{22FC8F68-E50D-4D9C-B990-F4A2F4A466BE}.AppStore|iPhoneSimulator.Build.0 = Release|Any CPU
		{22FC8F68-E50D-4D9C-B990-F4A2F4A466BE}.AppStore|iPhoneSimulator.Deploy.0 = Release|Any CPU
		{22FC8F68-E50D-4D9C-B990-F4A2F4A466BE}.AppStore|x64.ActiveCfg = Release|Any CPU
		{22FC8F68-E50D-4D9C-B990-F4A2F4A466BE}.AppStore|x64.Build.0 = Release|Any CPU
		{22FC8F68-E50D-4D9C-B990-F4A2F4A466BE}.AppStore|x64.Deploy.0 = Release|Any CPU
		{22FC8F68-E50D-4D9C-B990-F4A2F4A466BE}.AppStore|x86.ActiveCfg = Release|x86
		{22FC8F68-E50D-4D9C-B990-F4A2F4A466BE}.AppStore|x86.Build.0 = Release|x86
		{22FC8F68-E50D-4D9C-B990-F4A2F4A466BE}.AppStore|x86.Deploy.0 = Release|x86
		{22FC8F68-E50D-4D9C-B990-F4A2F4A466BE}.Debug|Any CPU.ActiveCfg = Debug|Any CPU
		{22FC8F68-E50D-4D9C-B990-F4A2F4A466BE}.Debug|Any CPU.Build.0 = Debug|Any CPU
		{22FC8F68-E50D-4D9C-B990-F4A2F4A466BE}.Debug|Any CPU.Deploy.0 = Debug|Any CPU
		{22FC8F68-E50D-4D9C-B990-F4A2F4A466BE}.Debug|ARM.ActiveCfg = Debug|ARM
		{22FC8F68-E50D-4D9C-B990-F4A2F4A466BE}.Debug|ARM.Build.0 = Debug|ARM
		{22FC8F68-E50D-4D9C-B990-F4A2F4A466BE}.Debug|ARM.Deploy.0 = Debug|ARM
		{22FC8F68-E50D-4D9C-B990-F4A2F4A466BE}.Debug|iPhone.ActiveCfg = Debug|Any CPU
		{22FC8F68-E50D-4D9C-B990-F4A2F4A466BE}.Debug|iPhone.Build.0 = Debug|Any CPU
		{22FC8F68-E50D-4D9C-B990-F4A2F4A466BE}.Debug|iPhone.Deploy.0 = Debug|Any CPU
		{22FC8F68-E50D-4D9C-B990-F4A2F4A466BE}.Debug|iPhoneSimulator.ActiveCfg = Debug|Any CPU
		{22FC8F68-E50D-4D9C-B990-F4A2F4A466BE}.Debug|iPhoneSimulator.Build.0 = Debug|Any CPU
		{22FC8F68-E50D-4D9C-B990-F4A2F4A466BE}.Debug|iPhoneSimulator.Deploy.0 = Debug|Any CPU
		{22FC8F68-E50D-4D9C-B990-F4A2F4A466BE}.Debug|x64.ActiveCfg = Debug|Any CPU
		{22FC8F68-E50D-4D9C-B990-F4A2F4A466BE}.Debug|x64.Build.0 = Debug|Any CPU
		{22FC8F68-E50D-4D9C-B990-F4A2F4A466BE}.Debug|x64.Deploy.0 = Debug|Any CPU
		{22FC8F68-E50D-4D9C-B990-F4A2F4A466BE}.Debug|x86.ActiveCfg = Debug|x86
		{22FC8F68-E50D-4D9C-B990-F4A2F4A466BE}.Debug|x86.Build.0 = Debug|x86
		{22FC8F68-E50D-4D9C-B990-F4A2F4A466BE}.Debug|x86.Deploy.0 = Debug|x86
		{22FC8F68-E50D-4D9C-B990-F4A2F4A466BE}.Release|Any CPU.ActiveCfg = Release|Any CPU
		{22FC8F68-E50D-4D9C-B990-F4A2F4A466BE}.Release|Any CPU.Build.0 = Release|Any CPU
		{22FC8F68-E50D-4D9C-B990-F4A2F4A466BE}.Release|Any CPU.Deploy.0 = Release|Any CPU
		{22FC8F68-E50D-4D9C-B990-F4A2F4A466BE}.Release|ARM.ActiveCfg = Release|ARM
		{22FC8F68-E50D-4D9C-B990-F4A2F4A466BE}.Release|ARM.Build.0 = Release|ARM
		{22FC8F68-E50D-4D9C-B990-F4A2F4A466BE}.Release|ARM.Deploy.0 = Release|ARM
		{22FC8F68-E50D-4D9C-B990-F4A2F4A466BE}.Release|iPhone.ActiveCfg = Release|Any CPU
		{22FC8F68-E50D-4D9C-B990-F4A2F4A466BE}.Release|iPhone.Build.0 = Release|Any CPU
		{22FC8F68-E50D-4D9C-B990-F4A2F4A466BE}.Release|iPhone.Deploy.0 = Release|Any CPU
		{22FC8F68-E50D-4D9C-B990-F4A2F4A466BE}.Release|iPhoneSimulator.ActiveCfg = Release|Any CPU
		{22FC8F68-E50D-4D9C-B990-F4A2F4A466BE}.Release|iPhoneSimulator.Build.0 = Release|Any CPU
		{22FC8F68-E50D-4D9C-B990-F4A2F4A466BE}.Release|iPhoneSimulator.Deploy.0 = Release|Any CPU
		{22FC8F68-E50D-4D9C-B990-F4A2F4A466BE}.Release|x64.ActiveCfg = Release|Any CPU
		{22FC8F68-E50D-4D9C-B990-F4A2F4A466BE}.Release|x64.Build.0 = Release|Any CPU
		{22FC8F68-E50D-4D9C-B990-F4A2F4A466BE}.Release|x64.Deploy.0 = Release|Any CPU
		{22FC8F68-E50D-4D9C-B990-F4A2F4A466BE}.Release|x86.ActiveCfg = Release|x86
		{22FC8F68-E50D-4D9C-B990-F4A2F4A466BE}.Release|x86.Build.0 = Release|x86
		{22FC8F68-E50D-4D9C-B990-F4A2F4A466BE}.Release|x86.Deploy.0 = Release|x86
		{4E73D548-C4B1-49F4-A106-409B9EF0FB55}.Ad-Hoc|Any CPU.ActiveCfg = Release|Any CPU
		{4E73D548-C4B1-49F4-A106-409B9EF0FB55}.Ad-Hoc|Any CPU.Build.0 = Release|Any CPU
		{4E73D548-C4B1-49F4-A106-409B9EF0FB55}.Ad-Hoc|Any CPU.Deploy.0 = Release|Any CPU
		{4E73D548-C4B1-49F4-A106-409B9EF0FB55}.Ad-Hoc|ARM.ActiveCfg = Release|ARM
		{4E73D548-C4B1-49F4-A106-409B9EF0FB55}.Ad-Hoc|ARM.Build.0 = Release|ARM
		{4E73D548-C4B1-49F4-A106-409B9EF0FB55}.Ad-Hoc|ARM.Deploy.0 = Release|ARM
		{4E73D548-C4B1-49F4-A106-409B9EF0FB55}.Ad-Hoc|iPhone.ActiveCfg = Release|Any CPU
		{4E73D548-C4B1-49F4-A106-409B9EF0FB55}.Ad-Hoc|iPhone.Build.0 = Release|Any CPU
		{4E73D548-C4B1-49F4-A106-409B9EF0FB55}.Ad-Hoc|iPhone.Deploy.0 = Release|Any CPU
		{4E73D548-C4B1-49F4-A106-409B9EF0FB55}.Ad-Hoc|iPhoneSimulator.ActiveCfg = Release|Any CPU
		{4E73D548-C4B1-49F4-A106-409B9EF0FB55}.Ad-Hoc|iPhoneSimulator.Build.0 = Release|Any CPU
		{4E73D548-C4B1-49F4-A106-409B9EF0FB55}.Ad-Hoc|iPhoneSimulator.Deploy.0 = Release|Any CPU
		{4E73D548-C4B1-49F4-A106-409B9EF0FB55}.Ad-Hoc|x64.ActiveCfg = Release|x64
		{4E73D548-C4B1-49F4-A106-409B9EF0FB55}.Ad-Hoc|x64.Build.0 = Release|x64
		{4E73D548-C4B1-49F4-A106-409B9EF0FB55}.Ad-Hoc|x64.Deploy.0 = Release|x64
		{4E73D548-C4B1-49F4-A106-409B9EF0FB55}.Ad-Hoc|x86.ActiveCfg = Release|x86
		{4E73D548-C4B1-49F4-A106-409B9EF0FB55}.Ad-Hoc|x86.Build.0 = Release|x86
		{4E73D548-C4B1-49F4-A106-409B9EF0FB55}.Ad-Hoc|x86.Deploy.0 = Release|x86
		{4E73D548-C4B1-49F4-A106-409B9EF0FB55}.AppStore|Any CPU.ActiveCfg = Release|Any CPU
		{4E73D548-C4B1-49F4-A106-409B9EF0FB55}.AppStore|Any CPU.Build.0 = Release|Any CPU
		{4E73D548-C4B1-49F4-A106-409B9EF0FB55}.AppStore|Any CPU.Deploy.0 = Release|Any CPU
		{4E73D548-C4B1-49F4-A106-409B9EF0FB55}.AppStore|ARM.ActiveCfg = Release|ARM
		{4E73D548-C4B1-49F4-A106-409B9EF0FB55}.AppStore|ARM.Build.0 = Release|ARM
		{4E73D548-C4B1-49F4-A106-409B9EF0FB55}.AppStore|ARM.Deploy.0 = Release|ARM
		{4E73D548-C4B1-49F4-A106-409B9EF0FB55}.AppStore|iPhone.ActiveCfg = Release|Any CPU
		{4E73D548-C4B1-49F4-A106-409B9EF0FB55}.AppStore|iPhone.Build.0 = Release|Any CPU
		{4E73D548-C4B1-49F4-A106-409B9EF0FB55}.AppStore|iPhone.Deploy.0 = Release|Any CPU
		{4E73D548-C4B1-49F4-A106-409B9EF0FB55}.AppStore|iPhoneSimulator.ActiveCfg = Release|Any CPU
		{4E73D548-C4B1-49F4-A106-409B9EF0FB55}.AppStore|iPhoneSimulator.Build.0 = Release|Any CPU
		{4E73D548-C4B1-49F4-A106-409B9EF0FB55}.AppStore|iPhoneSimulator.Deploy.0 = Release|Any CPU
		{4E73D548-C4B1-49F4-A106-409B9EF0FB55}.AppStore|x64.ActiveCfg = Release|x64
		{4E73D548-C4B1-49F4-A106-409B9EF0FB55}.AppStore|x64.Build.0 = Release|x64
		{4E73D548-C4B1-49F4-A106-409B9EF0FB55}.AppStore|x64.Deploy.0 = Release|x64
		{4E73D548-C4B1-49F4-A106-409B9EF0FB55}.AppStore|x86.ActiveCfg = Release|x86
		{4E73D548-C4B1-49F4-A106-409B9EF0FB55}.AppStore|x86.Build.0 = Release|x86
		{4E73D548-C4B1-49F4-A106-409B9EF0FB55}.AppStore|x86.Deploy.0 = Release|x86
		{4E73D548-C4B1-49F4-A106-409B9EF0FB55}.Debug|Any CPU.ActiveCfg = Debug|Any CPU
		{4E73D548-C4B1-49F4-A106-409B9EF0FB55}.Debug|Any CPU.Build.0 = Debug|Any CPU
		{4E73D548-C4B1-49F4-A106-409B9EF0FB55}.Debug|Any CPU.Deploy.0 = Debug|Any CPU
		{4E73D548-C4B1-49F4-A106-409B9EF0FB55}.Debug|ARM.ActiveCfg = Debug|ARM
		{4E73D548-C4B1-49F4-A106-409B9EF0FB55}.Debug|ARM.Build.0 = Debug|ARM
		{4E73D548-C4B1-49F4-A106-409B9EF0FB55}.Debug|ARM.Deploy.0 = Debug|ARM
		{4E73D548-C4B1-49F4-A106-409B9EF0FB55}.Debug|iPhone.ActiveCfg = Debug|Any CPU
		{4E73D548-C4B1-49F4-A106-409B9EF0FB55}.Debug|iPhone.Build.0 = Debug|Any CPU
		{4E73D548-C4B1-49F4-A106-409B9EF0FB55}.Debug|iPhone.Deploy.0 = Debug|Any CPU
		{4E73D548-C4B1-49F4-A106-409B9EF0FB55}.Debug|iPhoneSimulator.ActiveCfg = Debug|Any CPU
		{4E73D548-C4B1-49F4-A106-409B9EF0FB55}.Debug|iPhoneSimulator.Build.0 = Debug|Any CPU
		{4E73D548-C4B1-49F4-A106-409B9EF0FB55}.Debug|iPhoneSimulator.Deploy.0 = Debug|Any CPU
		{4E73D548-C4B1-49F4-A106-409B9EF0FB55}.Debug|x64.ActiveCfg = Debug|x64
		{4E73D548-C4B1-49F4-A106-409B9EF0FB55}.Debug|x64.Build.0 = Debug|x64
		{4E73D548-C4B1-49F4-A106-409B9EF0FB55}.Debug|x64.Deploy.0 = Debug|x64
		{4E73D548-C4B1-49F4-A106-409B9EF0FB55}.Debug|x86.ActiveCfg = Debug|x86
		{4E73D548-C4B1-49F4-A106-409B9EF0FB55}.Debug|x86.Build.0 = Debug|x86
		{4E73D548-C4B1-49F4-A106-409B9EF0FB55}.Debug|x86.Deploy.0 = Debug|x86
		{4E73D548-C4B1-49F4-A106-409B9EF0FB55}.Release|Any CPU.ActiveCfg = Release|Any CPU
		{4E73D548-C4B1-49F4-A106-409B9EF0FB55}.Release|Any CPU.Build.0 = Release|Any CPU
		{4E73D548-C4B1-49F4-A106-409B9EF0FB55}.Release|Any CPU.Deploy.0 = Release|Any CPU
		{4E73D548-C4B1-49F4-A106-409B9EF0FB55}.Release|ARM.ActiveCfg = Release|ARM
		{4E73D548-C4B1-49F4-A106-409B9EF0FB55}.Release|ARM.Build.0 = Release|ARM
		{4E73D548-C4B1-49F4-A106-409B9EF0FB55}.Release|ARM.Deploy.0 = Release|ARM
		{4E73D548-C4B1-49F4-A106-409B9EF0FB55}.Release|iPhone.ActiveCfg = Release|Any CPU
		{4E73D548-C4B1-49F4-A106-409B9EF0FB55}.Release|iPhone.Build.0 = Release|Any CPU
		{4E73D548-C4B1-49F4-A106-409B9EF0FB55}.Release|iPhone.Deploy.0 = Release|Any CPU
		{4E73D548-C4B1-49F4-A106-409B9EF0FB55}.Release|iPhoneSimulator.ActiveCfg = Release|Any CPU
		{4E73D548-C4B1-49F4-A106-409B9EF0FB55}.Release|iPhoneSimulator.Build.0 = Release|Any CPU
		{4E73D548-C4B1-49F4-A106-409B9EF0FB55}.Release|iPhoneSimulator.Deploy.0 = Release|Any CPU
		{4E73D548-C4B1-49F4-A106-409B9EF0FB55}.Release|x64.ActiveCfg = Release|x64
		{4E73D548-C4B1-49F4-A106-409B9EF0FB55}.Release|x64.Build.0 = Release|x64
		{4E73D548-C4B1-49F4-A106-409B9EF0FB55}.Release|x64.Deploy.0 = Release|x64
		{4E73D548-C4B1-49F4-A106-409B9EF0FB55}.Release|x86.ActiveCfg = Release|x86
		{4E73D548-C4B1-49F4-A106-409B9EF0FB55}.Release|x86.Build.0 = Release|x86
		{4E73D548-C4B1-49F4-A106-409B9EF0FB55}.Release|x86.Deploy.0 = Release|x86
	EndGlobalSection
	GlobalSection(SolutionProperties) = preSolution
		HideSolutionNode = FALSE
	EndGlobalSection
EndGlobal
